{
  "name": "react-native-root-view",
  "version": "0.1.0",
  "lockfileVersion": 1,
  "requires": true,
  "dependencies": {
    "react-static-container": {
      "version": "1.0.2",
      "resolved": "https://registry.npmjs.org/react-static-container/-/react-static-container-1.0.2.tgz",
      "integrity": "sha512-rxlZtZk5t6Y3gqqpaZ1lxY3RqlQcBU5uGsSoZj/hbF3ZweDqPbFHDkczT4emAxeaw37OD96RAAoayFGFQZCdWg=="
    }
  }
}
